
Microsoft Visual Studio Solution File, Format Version 12.00
# Visual Studio 2012
Project("{FAE04EC0-301F-11D3-BF4B-00C04F79EFBC}") = "domain", "domain\domain.csproj", "{06D5E289-F834-46D1-B777-88DE190E632A}"
EndProject
Project("{FAE04EC0-301F-11D3-BF4B-00C04F79EFBC}") = "domain.unit.tests", "domain.unit.tests\domain.unit.tests.csproj", "{265FBFD8-53ED-4BB2-9A1E-AC6BFB869712}"
EndProject
Global
	GlobalSection(SolutionConfigurationPlatforms) = preSolution
		Debug|Any CPU = Debug|Any CPU
		Release|Any CPU = Release|Any CPU
	EndGlobalSection
	GlobalSection(ProjectConfigurationPlatforms) = postSolution
		{06D5E289-F834-46D1-B777-88DE190E632A}.Debug|Any CPU.ActiveCfg = Debug|Any CPU
		{06D5E289-F834-46D1-B777-88DE190E632A}.Debug|Any CPU.Build.0 = Debug|Any CPU
		{06D5E289-F834-46D1-B777-88DE190E632A}.Release|Any CPU.ActiveCfg = Release|Any CPU
		{06D5E289-F834-46D1-B777-88DE190E632A}.Release|Any CPU.Build.0 = Release|Any CPU
		{265FBFD8-53ED-4BB2-9A1E-AC6BFB869712}.Debug|Any CPU.ActiveCfg = Debug|Any CPU
		{265FBFD8-53ED-4BB2-9A1E-AC6BFB869712}.Debug|Any CPU.Build.0 = Debug|Any CPU
		{265FBFD8-53ED-4BB2-9A1E-AC6BFB869712}.Release|Any CPU.ActiveCfg = Release|Any CPU
		{265FBFD8-53ED-4BB2-9A1E-AC6BFB869712}.Release|Any CPU.Build.0 = Release|Any CPU
	EndGlobalSection
	GlobalSection(SolutionProperties) = preSolution
		HideSolutionNode = FALSE
	EndGlobalSection
EndGlobal
